
Microsoft Visual Studio Solution File, Format Version 12.00
# Visual Studio Version 16
VisualStudioVersion = 16.0.29306.81
MinimumVisualStudioVersion = 10.0.40219.1
Project("{FAE04EC0-301F-11D3-BF4B-00C04F79EFBC}") = "Molodenkov_words_count", "Molodenkov_words_count.csproj", "{BBC216CE-60DF-431D-9283-7D6CB37FD74A}"
EndProject
Global
	GlobalSection(SolutionConfigurationPlatforms) = preSolution
		Debug|Any CPU = Debug|Any CPU
		Release|Any CPU = Release|Any CPU
	EndGlobalSection
	GlobalSection(ProjectConfigurationPlatforms) = postSolution
		{BBC216CE-60DF-431D-9283-7D6CB37FD74A}.Debug|Any CPU.ActiveCfg = Debug|Any CPU
		{BBC216CE-60DF-431D-9283-7D6CB37FD74A}.Debug|Any CPU.Build.0 = Debug|Any CPU
		{BBC216CE-60DF-431D-9283-7D6CB37FD74A}.Release|Any CPU.ActiveCfg = Release|Any CPU
		{BBC216CE-60DF-431D-9283-7D6CB37FD74A}.Release|Any CPU.Build.0 = Release|Any CPU
	EndGlobalSection
	GlobalSection(SolutionProperties) = preSolution
		HideSolutionNode = FALSE
	EndGlobalSection
	GlobalSection(ExtensibilityGlobals) = postSolution
		SolutionGuid = {677F430C-A915-40AF-8AE8-81F54462134F}
	EndGlobalSection
EndGlobal
